
Microsoft Visual Studio Solution File, Format Version 12.00
# Visual Studio Version 17
VisualStudioVersion = 17.4.33213.308
MinimumVisualStudioVersion = 10.0.40219.1
Project("{FAE04EC0-301F-11D3-BF4B-00C04F79EFBC}") = "Restoran8", "Restoran8\Restoran8.csproj", "{FB8E78AB-7012-4D71-8ADB-9EDDD6F7491C}"
EndProject
Global
	GlobalSection(SolutionConfigurationPlatforms) = preSolution
		Debug|Any CPU = Debug|Any CPU
		Release|Any CPU = Release|Any CPU
	EndGlobalSection
	GlobalSection(ProjectConfigurationPlatforms) = postSolution
		{FB8E78AB-7012-4D71-8ADB-9EDDD6F7491C}.Debug|Any CPU.ActiveCfg = Debug|Any CPU
		{FB8E78AB-7012-4D71-8ADB-9EDDD6F7491C}.Debug|Any CPU.Build.0 = Debug|Any CPU
		{FB8E78AB-7012-4D71-8ADB-9EDDD6F7491C}.Release|Any CPU.ActiveCfg = Release|Any CPU
		{FB8E78AB-7012-4D71-8ADB-9EDDD6F7491C}.Release|Any CPU.Build.0 = Release|Any CPU
	EndGlobalSection
	GlobalSection(SolutionProperties) = preSolution
		HideSolutionNode = FALSE
	EndGlobalSection
	GlobalSection(ExtensibilityGlobals) = postSolution
		SolutionGuid = {CECFF998-13DF-4853-9BF4-1CE2FED0EFEC}
	EndGlobalSection
EndGlobal
